{
  "requires": true,
  "lockfileVersion": 1,
  "dependencies": {
    "highlightjs-line-numbers.js": {
      "version": "2.3.0",
      "resolved": "https://registry.npmjs.org/highlightjs-line-numbers.js/-/highlightjs-line-numbers.js-2.3.0.tgz",
      "integrity": "sha1-5rruKvhCQQZpADzDIUQTCir752E="
    }
  }
}
